// !$*UTF8*$!
{
	archiveVersion = 1;
	classes = {
	};
	objectVersion = 56;
	objects = {

/* Begin PBXBuildFile section */
		25230AB12AD1270E0008EEEB /* SectionHeaderView.swift in Sources */ = {isa = PBXBuildFile; fileRef = 25230AB02AD1270E0008EEEB /* SectionHeaderView.swift */; };
		25230AB72AD12FD20008EEEB /* AllMoviesTableViewCell.swift in Sources */ = {isa = PBXBuildFile; fileRef = 25230AB52AD12FD10008EEEB /* AllMoviesTableViewCell.swift */; };
		25230AB82AD12FD20008EEEB /* AllMoviesTableViewCell.xib in Resources */ = {isa = PBXBuildFile; fileRef = 25230AB62AD12FD10008EEEB /* AllMoviesTableViewCell.xib */; };
		25230ABA2AD145150008EEEB /* MoviesDetailViewController.swift in Sources */ = {isa = PBXBuildFile; fileRef = 25230AB92AD145150008EEEB /* MoviesDetailViewController.swift */; };
		25230ABC2AD145C40008EEEB /* UIViewController+ Ext.swift in Sources */ = {isa = PBXBuildFile; fileRef = 25230ABB2AD145C40008EEEB /* UIViewController+ Ext.swift */; };
		252C37EF2AD2506900918A3A /* MovieSearchResultsRouter.swift in Sources */ = {isa = PBXBuildFile; fileRef = 252C37EE2AD2506900918A3A /* MovieSearchResultsRouter.swift */; };
		252C37F12AD2507B00918A3A /* MovieSearchResultsIneractor.swift in Sources */ = {isa = PBXBuildFile; fileRef = 252C37F02AD2507B00918A3A /* MovieSearchResultsIneractor.swift */; };
		252C37F42AD2509B00918A3A /* MovieSearchResultsPresenter.swift in Sources */ = {isa = PBXBuildFile; fileRef = 252C37F32AD2509B00918A3A /* MovieSearchResultsPresenter.swift */; };
		252C37F62AD251A400918A3A /* SearchResultsConfigurator.swift in Sources */ = {isa = PBXBuildFile; fileRef = 252C37F52AD251A400918A3A /* SearchResultsConfigurator.swift */; };
		252C37F82AD2529600918A3A /* SearchResultsDataStore.swift in Sources */ = {isa = PBXBuildFile; fileRef = 252C37F72AD2529600918A3A /* SearchResultsDataStore.swift */; };
		2531F3CC2AD15B3400E2A6B0 /* SearchResultsViewController.swift in Sources */ = {isa = PBXBuildFile; fileRef = 2531F3CB2AD15B3400E2A6B0 /* SearchResultsViewController.swift */; };
		2531F3CE2AD16D1900E2A6B0 /* CustomHeaderView.swift in Sources */ = {isa = PBXBuildFile; fileRef = 2531F3CD2AD16D1900E2A6B0 /* CustomHeaderView.swift */; };
		2531F3D52AD1748A00E2A6B0 /* DetailInfoTableViewCell.swift in Sources */ = {isa = PBXBuildFile; fileRef = 2531F3D32AD1748A00E2A6B0 /* DetailInfoTableViewCell.swift */; };
		2531F3D62AD1748A00E2A6B0 /* DetailInfoTableViewCell.xib in Resources */ = {isa = PBXBuildFile; fileRef = 2531F3D42AD1748A00E2A6B0 /* DetailInfoTableViewCell.xib */; };
		2531F3D82AD1A2AB00E2A6B0 /* PreviewViewController.swift in Sources */ = {isa = PBXBuildFile; fileRef = 2531F3D72AD1A2AB00E2A6B0 /* PreviewViewController.swift */; };
		255C618A2AD2EFEC0064F816 /* UIImageView+Ext.swift in Sources */ = {isa = PBXBuildFile; fileRef = 255C61892AD2EFEC0064F816 /* UIImageView+Ext.swift */; };
		255C61902AD2FAA70064F816 /* CastAndCrewTableViewCell.swift in Sources */ = {isa = PBXBuildFile; fileRef = 255C618E2AD2FAA70064F816 /* CastAndCrewTableViewCell.swift */; };
		255C61912AD2FAA70064F816 /* CastAndCrewTableViewCell.xib in Resources */ = {isa = PBXBuildFile; fileRef = 255C618F2AD2FAA70064F816 /* CastAndCrewTableViewCell.xib */; };
		255C61952AD2FFC50064F816 /* RatingInfoTableViewCell.swift in Sources */ = {isa = PBXBuildFile; fileRef = 255C61932AD2FFC50064F816 /* RatingInfoTableViewCell.swift */; };
		255C61962AD2FFC50064F816 /* RatingInforTableViewCell.xib in Resources */ = {isa = PBXBuildFile; fileRef = 255C61942AD2FFC50064F816 /* RatingInforTableViewCell.xib */; };
		255C61982AD3117B0064F816 /* RatingViewController.swift in Sources */ = {isa = PBXBuildFile; fileRef = 255C61972AD3117B0064F816 /* RatingViewController.swift */; };
		2560B0362AD03E6E00540D77 /* AppDelegate.swift in Sources */ = {isa = PBXBuildFile; fileRef = 2560B0352AD03E6E00540D77 /* AppDelegate.swift */; };
		2560B0382AD03E6E00540D77 /* SceneDelegate.swift in Sources */ = {isa = PBXBuildFile; fileRef = 2560B0372AD03E6E00540D77 /* SceneDelegate.swift */; };
		2560B03A2AD03E6E00540D77 /* MoviesViewController.swift in Sources */ = {isa = PBXBuildFile; fileRef = 2560B0392AD03E6E00540D77 /* MoviesViewController.swift */; };
		2560B03D2AD03E6E00540D77 /* Main.storyboard in Resources */ = {isa = PBXBuildFile; fileRef = 2560B03B2AD03E6E00540D77 /* Main.storyboard */; };
		2560B03F2AD03E6F00540D77 /* Assets.xcassets in Resources */ = {isa = PBXBuildFile; fileRef = 2560B03E2AD03E6F00540D77 /* Assets.xcassets */; };
		2560B0422AD03E6F00540D77 /* LaunchScreen.storyboard in Resources */ = {isa = PBXBuildFile; fileRef = 2560B0402AD03E6F00540D77 /* LaunchScreen.storyboard */; };
		2560B04A2AD03E8E00540D77 /* movies.json in Resources */ = {isa = PBXBuildFile; fileRef = 2560B0492AD03E8E00540D77 /* movies.json */; };
		2560B0512AD0432200540D77 /* MovieModel.swift in Sources */ = {isa = PBXBuildFile; fileRef = 2560B0502AD0432200540D77 /* MovieModel.swift */; };
		2560B0592AD0467900540D77 /* Configurator.swift in Sources */ = {isa = PBXBuildFile; fileRef = 2560B0582AD0467900540D77 /* Configurator.swift */; };
		2560B05B2AD0473400540D77 /* MovieDataStore.swift in Sources */ = {isa = PBXBuildFile; fileRef = 2560B05A2AD0473400540D77 /* MovieDataStore.swift */; };
		2560B05D2AD0476A00540D77 /* MoviesViewRouter.swift in Sources */ = {isa = PBXBuildFile; fileRef = 2560B05C2AD0476A00540D77 /* MoviesViewRouter.swift */; };
		2560B05F2AD0480900540D77 /* MoviesViewPresenter.swift in Sources */ = {isa = PBXBuildFile; fileRef = 2560B05E2AD0480900540D77 /* MoviesViewPresenter.swift */; };
		2560B0612AD0481B00540D77 /* MoviesViewInteractor.swift in Sources */ = {isa = PBXBuildFile; fileRef = 2560B0602AD0481B00540D77 /* MoviesViewInteractor.swift */; };
		2560B0632AD0494700540D77 /* MoviesViewWorker.swift in Sources */ = {isa = PBXBuildFile; fileRef = 2560B0622AD0494700540D77 /* MoviesViewWorker.swift */; };
		2560B0652AD0658500540D77 /* String+Extension.swift in Sources */ = {isa = PBXBuildFile; fileRef = 2560B0642AD0658500540D77 /* String+Extension.swift */; };
		256AC7C92AD28F8E002A6112 /* Constants.swift in Sources */ = {isa = PBXBuildFile; fileRef = 256AC7C82AD28F8E002A6112 /* Constants.swift */; };
		25CB32D02AD1B748001B79F6 /* Interactor.swift in Sources */ = {isa = PBXBuildFile; fileRef = 25CB32CF2AD1B748001B79F6 /* Interactor.swift */; };
		25CB32D22AD1B751001B79F6 /* Presenter.swift in Sources */ = {isa = PBXBuildFile; fileRef = 25CB32D12AD1B751001B79F6 /* Presenter.swift */; };
		25CB32D62AD1B787001B79F6 /* MoviesDetailRouter.swift in Sources */ = {isa = PBXBuildFile; fileRef = 25CB32D52AD1B787001B79F6 /* MoviesDetailRouter.swift */; };
		25CB32D82AD1B7D2001B79F6 /* MoviesDetailDataStore.swift in Sources */ = {isa = PBXBuildFile; fileRef = 25CB32D72AD1B7D2001B79F6 /* MoviesDetailDataStore.swift */; };
		25CB32DC2AD1B970001B79F6 /* MoviesDetailConfigurator.swift in Sources */ = {isa = PBXBuildFile; fileRef = 25CB32DB2AD1B970001B79F6 /* MoviesDetailConfigurator.swift */; };
		25CE6B472AD574B000784E88 /* MoviewDataBaseAppTests.swift in Sources */ = {isa = PBXBuildFile; fileRef = 25CE6B462AD574B000784E88 /* MoviewDataBaseAppTests.swift */; };
		25CE6B4F2AD574F000784E88 /* HomeInteractorTest.swift in Sources */ = {isa = PBXBuildFile; fileRef = 25CE6B4E2AD574F000784E88 /* HomeInteractorTest.swift */; };
		25CE6B512AD5750A00784E88 /* HomePresenterTest.swift in Sources */ = {isa = PBXBuildFile; fileRef = 25CE6B502AD5750A00784E88 /* HomePresenterTest.swift */; };
		25CE6B532AD5751700784E88 /* HomeViewControllerTest.swift in Sources */ = {isa = PBXBuildFile; fileRef = 25CE6B522AD5751700784E88 /* HomeViewControllerTest.swift */; };
		25CE6B562AD5755B00784E88 /* MovieDetailInteractorTest.swift in Sources */ = {isa = PBXBuildFile; fileRef = 25CE6B552AD5755B00784E88 /* MovieDetailInteractorTest.swift */; };
		25CE6B582AD5756F00784E88 /* MovieDetailPresenterTest.swift in Sources */ = {isa = PBXBuildFile; fileRef = 25CE6B572AD5756F00784E88 /* MovieDetailPresenterTest.swift */; };
		25CE6B5A2AD5758300784E88 /* MovieDetailViewControllerTest.swift in Sources */ = {isa = PBXBuildFile; fileRef = 25CE6B592AD5758300784E88 /* MovieDetailViewControllerTest.swift */; };
		25CE6B632AD5B0BF00784E88 /* Util.swift in Sources */ = {isa = PBXBuildFile; fileRef = 25CE6B622AD5B0BF00784E88 /* Util.swift */; };
		25EE1E2F2AD2B9D300C1D560 /* UIView+Ext.swift in Sources */ = {isa = PBXBuildFile; fileRef = 25EE1E2E2AD2B9D300C1D560 /* UIView+Ext.swift */; };
		25FE51632AD25789008153DA /* PreviewScreenRouter.swift in Sources */ = {isa = PBXBuildFile; fileRef = 25FE51622AD25789008153DA /* PreviewScreenRouter.swift */; };
		25FE51662AD257A0008153DA /* PreviewScreenPresenter.swift in Sources */ = {isa = PBXBuildFile; fileRef = 25FE51652AD257A0008153DA /* PreviewScreenPresenter.swift */; };
		25FE51682AD257AE008153DA /* PreviewScreenInteractor.swift in Sources */ = {isa = PBXBuildFile; fileRef = 25FE51672AD257AE008153DA /* PreviewScreenInteractor.swift */; };
		25FE516A2AD257C4008153DA /* PreviewScreenDataStore.swift in Sources */ = {isa = PBXBuildFile; fileRef = 25FE51692AD257C4008153DA /* PreviewScreenDataStore.swift */; };
		25FE516C2AD257D4008153DA /* PreviewScreenConfigurator.swift in Sources */ = {isa = PBXBuildFile; fileRef = 25FE516B2AD257D4008153DA /* PreviewScreenConfigurator.swift */; };
		25FE51732AD26FE1008153DA /* RatingView.swift in Sources */ = {isa = PBXBuildFile; fileRef = 25FE51722AD26FE1008153DA /* RatingView.swift */; };
		25FE51782AD27787008153DA /* RatingViewTableViewCell.swift in Sources */ = {isa = PBXBuildFile; fileRef = 25FE51762AD27787008153DA /* RatingViewTableViewCell.swift */; };
		25FE51792AD27787008153DA /* RatingViewTableViewCell.xib in Resources */ = {isa = PBXBuildFile; fileRef = 25FE51772AD27787008153DA /* RatingViewTableViewCell.xib */; };
/* End PBXBuildFile section */

/* Begin PBXContainerItemProxy section */
		25CE6B482AD574B000784E88 /* PBXContainerItemProxy */ = {
			isa = PBXContainerItemProxy;
			containerPortal = 2560B02A2AD03E6E00540D77 /* Project object */;
			proxyType = 1;
			remoteGlobalIDString = 2560B0312AD03E6E00540D77;
			remoteInfo = MoviewDataBaseApp;
		};
/* End PBXContainerItemProxy section */

/* Begin PBXFileReference section */
		25230AB02AD1270E0008EEEB /* SectionHeaderView.swift */ = {isa = PBXFileReference; lastKnownFileType = sourcecode.swift; path = SectionHeaderView.swift; sourceTree = "<group>"; };
		25230AB52AD12FD10008EEEB /* AllMoviesTableViewCell.swift */ = {isa = PBXFileReference; lastKnownFileType = sourcecode.swift; path = AllMoviesTableViewCell.swift; sourceTree = "<group>"; };
		25230AB62AD12FD10008EEEB /* AllMoviesTableViewCell.xib */ = {isa = PBXFileReference; lastKnownFileType = file.xib; path = AllMoviesTableViewCell.xib; sourceTree = "<group>"; };
		25230AB92AD145150008EEEB /* MoviesDetailViewController.swift */ = {isa = PBXFileReference; lastKnownFileType = sourcecode.swift; name = MoviesDetailViewController.swift; path = ../../Home/View/MoviesDetailViewController.swift; sourceTree = "<group>"; };
		25230ABB2AD145C40008EEEB /* UIViewController+ Ext.swift */ = {isa = PBXFileReference; lastKnownFileType = sourcecode.swift; path = "UIViewController+ Ext.swift"; sourceTree = "<group>"; };
		252C37EE2AD2506900918A3A /* MovieSearchResultsRouter.swift */ = {isa = PBXFileReference; lastKnownFileType = sourcecode.swift; path = MovieSearchResultsRouter.swift; sourceTree = "<group>"; };
		252C37F02AD2507B00918A3A /* MovieSearchResultsIneractor.swift */ = {isa = PBXFileReference; lastKnownFileType = sourcecode.swift; path = MovieSearchResultsIneractor.swift; sourceTree = "<group>"; };
		252C37F32AD2509B00918A3A /* MovieSearchResultsPresenter.swift */ = {isa = PBXFileReference; lastKnownFileType = sourcecode.swift; path = MovieSearchResultsPresenter.swift; sourceTree = "<group>"; };
		252C37F52AD251A400918A3A /* SearchResultsConfigurator.swift */ = {isa = PBXFileReference; lastKnownFileType = sourcecode.swift; path = SearchResultsConfigurator.swift; sourceTree = "<group>"; };
		252C37F72AD2529600918A3A /* SearchResultsDataStore.swift */ = {isa = PBXFileReference; lastKnownFileType = sourcecode.swift; path = SearchResultsDataStore.swift; sourceTree = "<group>"; };
		2531F3CB2AD15B3400E2A6B0 /* SearchResultsViewController.swift */ = {isa = PBXFileReference; lastKnownFileType = sourcecode.swift; path = SearchResultsViewController.swift; sourceTree = "<group>"; };
		2531F3CD2AD16D1900E2A6B0 /* CustomHeaderView.swift */ = {isa = PBXFileReference; lastKnownFileType = sourcecode.swift; path = CustomHeaderView.swift; sourceTree = "<group>"; };
		2531F3D32AD1748A00E2A6B0 /* DetailInfoTableViewCell.swift */ = {isa = PBXFileReference; lastKnownFileType = sourcecode.swift; path = DetailInfoTableViewCell.swift; sourceTree = "<group>"; };
		2531F3D42AD1748A00E2A6B0 /* DetailInfoTableViewCell.xib */ = {isa = PBXFileReference; lastKnownFileType = file.xib; path = DetailInfoTableViewCell.xib; sourceTree = "<group>"; };
		2531F3D72AD1A2AB00E2A6B0 /* PreviewViewController.swift */ = {isa = PBXFileReference; lastKnownFileType = sourcecode.swift; path = PreviewViewController.swift; sourceTree = "<group>"; };
		255C61892AD2EFEC0064F816 /* UIImageView+Ext.swift */ = {isa = PBXFileReference; lastKnownFileType = sourcecode.swift; path = "UIImageView+Ext.swift"; sourceTree = "<group>"; };
		255C618E2AD2FAA70064F816 /* CastAndCrewTableViewCell.swift */ = {isa = PBXFileReference; lastKnownFileType = sourcecode.swift; path = CastAndCrewTableViewCell.swift; sourceTree = "<group>"; };
		255C618F2AD2FAA70064F816 /* CastAndCrewTableViewCell.xib */ = {isa = PBXFileReference; lastKnownFileType = file.xib; path = CastAndCrewTableViewCell.xib; sourceTree = "<group>"; };
		255C61932AD2FFC50064F816 /* RatingInfoTableViewCell.swift */ = {isa = PBXFileReference; lastKnownFileType = sourcecode.swift; path = RatingInfoTableViewCell.swift; sourceTree = "<group>"; };
		255C61942AD2FFC50064F816 /* RatingInforTableViewCell.xib */ = {isa = PBXFileReference; lastKnownFileType = file.xib; path = RatingInforTableViewCell.xib; sourceTree = "<group>"; };
		255C61972AD3117B0064F816 /* RatingViewController.swift */ = {isa = PBXFileReference; lastKnownFileType = sourcecode.swift; path = RatingViewController.swift; sourceTree = "<group>"; };
		2560B0322AD03E6E00540D77 /* MoviewDataBaseApp.app */ = {isa = PBXFileReference; explicitFileType = wrapper.application; includeInIndex = 0; path = MoviewDataBaseApp.app; sourceTree = BUILT_PRODUCTS_DIR; };
		2560B0352AD03E6E00540D77 /* AppDelegate.swift */ = {isa = PBXFileReference; lastKnownFileType = sourcecode.swift; path = AppDelegate.swift; sourceTree = "<group>"; };
		2560B0372AD03E6E00540D77 /* SceneDelegate.swift */ = {isa = PBXFileReference; lastKnownFileType = sourcecode.swift; path = SceneDelegate.swift; sourceTree = "<group>"; };
		2560B0392AD03E6E00540D77 /* MoviesViewController.swift */ = {isa = PBXFileReference; lastKnownFileType = sourcecode.swift; path = MoviesViewController.swift; sourceTree = "<group>"; };
		2560B03C2AD03E6E00540D77 /* Base */ = {isa = PBXFileReference; lastKnownFileType = file.storyboard; name = Base; path = Base.lproj/Main.storyboard; sourceTree = "<group>"; };
		2560B03E2AD03E6F00540D77 /* Assets.xcassets */ = {isa = PBXFileReference; lastKnownFileType = folder.assetcatalog; path = Assets.xcassets; sourceTree = "<group>"; };
		2560B0412AD03E6F00540D77 /* Base */ = {isa = PBXFileReference; lastKnownFileType = file.storyboard; name = Base; path = Base.lproj/LaunchScreen.storyboard; sourceTree = "<group>"; };
		2560B0432AD03E6F00540D77 /* Info.plist */ = {isa = PBXFileReference; lastKnownFileType = text.plist.xml; path = Info.plist; sourceTree = "<group>"; };
		2560B0492AD03E8E00540D77 /* movies.json */ = {isa = PBXFileReference; fileEncoding = 4; lastKnownFileType = text.json; path = movies.json; sourceTree = "<group>"; };
		2560B0502AD0432200540D77 /* MovieModel.swift */ = {isa = PBXFileReference; lastKnownFileType = sourcecode.swift; path = MovieModel.swift; sourceTree = "<group>"; };
		2560B0582AD0467900540D77 /* Configurator.swift */ = {isa = PBXFileReference; lastKnownFileType = sourcecode.swift; path = Configurator.swift; sourceTree = "<group>"; };
		2560B05A2AD0473400540D77 /* MovieDataStore.swift */ = {isa = PBXFileReference; lastKnownFileType = sourcecode.swift; path = MovieDataStore.swift; sourceTree = "<group>"; };
		2560B05C2AD0476A00540D77 /* MoviesViewRouter.swift */ = {isa = PBXFileReference; lastKnownFileType = sourcecode.swift; path = MoviesViewRouter.swift; sourceTree = "<group>"; };
		2560B05E2AD0480900540D77 /* MoviesViewPresenter.swift */ = {isa = PBXFileReference; lastKnownFileType = sourcecode.swift; path = MoviesViewPresenter.swift; sourceTree = "<group>"; };
		2560B0602AD0481B00540D77 /* MoviesViewInteractor.swift */ = {isa = PBXFileReference; lastKnownFileType = sourcecode.swift; path = MoviesViewInteractor.swift; sourceTree = "<group>"; };
		2560B0622AD0494700540D77 /* MoviesViewWorker.swift */ = {isa = PBXFileReference; lastKnownFileType = sourcecode.swift; path = MoviesViewWorker.swift; sourceTree = "<group>"; };
		2560B0642AD0658500540D77 /* String+Extension.swift */ = {isa = PBXFileReference; lastKnownFileType = sourcecode.swift; path = "String+Extension.swift"; sourceTree = "<group>"; };
		256AC7C82AD28F8E002A6112 /* Constants.swift */ = {isa = PBXFileReference; lastKnownFileType = sourcecode.swift; path = Constants.swift; sourceTree = "<group>"; };
		25CB32CF2AD1B748001B79F6 /* Interactor.swift */ = {isa = PBXFileReference; lastKnownFileType = sourcecode.swift; path = Interactor.swift; sourceTree = "<group>"; };
		25CB32D12AD1B751001B79F6 /* Presenter.swift */ = {isa = PBXFileReference; lastKnownFileType = sourcecode.swift; path = Presenter.swift; sourceTree = "<group>"; };
		25CB32D52AD1B787001B79F6 /* MoviesDetailRouter.swift */ = {isa = PBXFileReference; lastKnownFileType = sourcecode.swift; path = MoviesDetailRouter.swift; sourceTree = "<group>"; };
		25CB32D72AD1B7D2001B79F6 /* MoviesDetailDataStore.swift */ = {isa = PBXFileReference; lastKnownFileType = sourcecode.swift; path = MoviesDetailDataStore.swift; sourceTree = "<group>"; };
		25CB32DB2AD1B970001B79F6 /* MoviesDetailConfigurator.swift */ = {isa = PBXFileReference; lastKnownFileType = sourcecode.swift; path = MoviesDetailConfigurator.swift; sourceTree = "<group>"; };
		25CE6B442AD574B000784E88 /* MoviewDataBaseAppTests.xctest */ = {isa = PBXFileReference; explicitFileType = wrapper.cfbundle; includeInIndex = 0; path = MoviewDataBaseAppTests.xctest; sourceTree = BUILT_PRODUCTS_DIR; };
		25CE6B462AD574B000784E88 /* MoviewDataBaseAppTests.swift */ = {isa = PBXFileReference; lastKnownFileType = sourcecode.swift; path = MoviewDataBaseAppTests.swift; sourceTree = "<group>"; };
		25CE6B4E2AD574F000784E88 /* HomeInteractorTest.swift */ = {isa = PBXFileReference; lastKnownFileType = sourcecode.swift; name = HomeInteractorTest.swift; path = ../../../../HomeInteractorTest.swift; sourceTree = "<group>"; };
		25CE6B502AD5750A00784E88 /* HomePresenterTest.swift */ = {isa = PBXFileReference; lastKnownFileType = sourcecode.swift; name = HomePresenterTest.swift; path = ../../../../HomePresenterTest.swift; sourceTree = "<group>"; };
		25CE6B522AD5751700784E88 /* HomeViewControllerTest.swift */ = {isa = PBXFileReference; lastKnownFileType = sourcecode.swift; name = HomeViewControllerTest.swift; path = ../../../../HomeViewControllerTest.swift; sourceTree = "<group>"; };
		25CE6B552AD5755B00784E88 /* MovieDetailInteractorTest.swift */ = {isa = PBXFileReference; lastKnownFileType = sourcecode.swift; name = MovieDetailInteractorTest.swift; path = ../../../../MovieDetailInteractorTest.swift; sourceTree = "<group>"; };
		25CE6B572AD5756F00784E88 /* MovieDetailPresenterTest.swift */ = {isa = PBXFileReference; lastKnownFileType = sourcecode.swift; name = MovieDetailPresenterTest.swift; path = ../../../../MovieDetailPresenterTest.swift; sourceTree = "<group>"; };
		25CE6B592AD5758300784E88 /* MovieDetailViewControllerTest.swift */ = {isa = PBXFileReference; lastKnownFileType = sourcecode.swift; name = MovieDetailViewControllerTest.swift; path = ../../../../MovieDetailViewControllerTest.swift; sourceTree = "<group>"; };
		25CE6B622AD5B0BF00784E88 /* Util.swift */ = {isa = PBXFileReference; lastKnownFileType = sourcecode.swift; path = Util.swift; sourceTree = "<group>"; };
		25CE6B642AD5BD8200784E88 /* README.md */ = {isa = PBXFileReference; lastKnownFileType = net.daringfireball.markdown; path = README.md; sourceTree = "<group>"; };
		25EE1E2E2AD2B9D300C1D560 /* UIView+Ext.swift */ = {isa = PBXFileReference; lastKnownFileType = sourcecode.swift; path = "UIView+Ext.swift"; sourceTree = "<group>"; };
		25FE51622AD25789008153DA /* PreviewScreenRouter.swift */ = {isa = PBXFileReference; lastKnownFileType = sourcecode.swift; path = PreviewScreenRouter.swift; sourceTree = "<group>"; };
		25FE51652AD257A0008153DA /* PreviewScreenPresenter.swift */ = {isa = PBXFileReference; lastKnownFileType = sourcecode.swift; path = PreviewScreenPresenter.swift; sourceTree = "<group>"; };
		25FE51672AD257AE008153DA /* PreviewScreenInteractor.swift */ = {isa = PBXFileReference; lastKnownFileType = sourcecode.swift; path = PreviewScreenInteractor.swift; sourceTree = "<group>"; };
		25FE51692AD257C4008153DA /* PreviewScreenDataStore.swift */ = {isa = PBXFileReference; lastKnownFileType = sourcecode.swift; path = PreviewScreenDataStore.swift; sourceTree = "<group>"; };
		25FE516B2AD257D4008153DA /* PreviewScreenConfigurator.swift */ = {isa = PBXFileReference; lastKnownFileType = sourcecode.swift; path = PreviewScreenConfigurator.swift; sourceTree = "<group>"; };
		25FE51722AD26FE1008153DA /* RatingView.swift */ = {isa = PBXFileReference; lastKnownFileType = sourcecode.swift; path = RatingView.swift; sourceTree = "<group>"; };
		25FE51762AD27787008153DA /* RatingViewTableViewCell.swift */ = {isa = PBXFileReference; lastKnownFileType = sourcecode.swift; path = RatingViewTableViewCell.swift; sourceTree = "<group>"; };
		25FE51772AD27787008153DA /* RatingViewTableViewCell.xib */ = {isa = PBXFileReference; lastKnownFileType = file.xib; path = RatingViewTableViewCell.xib; sourceTree = "<group>"; };
/* End PBXFileReference section */

/* Begin PBXFrameworksBuildPhase section */
		2560B02F2AD03E6E00540D77 /* Frameworks */ = {
			isa = PBXFrameworksBuildPhase;
			buildActionMask = 2147483647;
			files = (
			);
			runOnlyForDeploymentPostprocessing = 0;
		};
		25CE6B412AD574B000784E88 /* Frameworks */ = {
			isa = PBXFrameworksBuildPhase;
			buildActionMask = 2147483647;
			files = (
			);
			runOnlyForDeploymentPostprocessing = 0;
		};
/* End PBXFrameworksBuildPhase section */

/* Begin PBXGroup section */
		25230AAF2AD126F60008EEEB /* CustomView */ = {
			isa = PBXGroup;
			children = (
				25230AB42AD12FC20008EEEB /* TableViewCell */,
				25230AB02AD1270E0008EEEB /* SectionHeaderView.swift */,
				2531F3CD2AD16D1900E2A6B0 /* CustomHeaderView.swift */,
			);
			path = CustomView;
			sourceTree = "<group>";
		};
		25230AB42AD12FC20008EEEB /* TableViewCell */ = {
			isa = PBXGroup;
			children = (
				2531F3CF2AD1743200E2A6B0 /* AllMoviesCell */,
			);
			path = TableViewCell;
			sourceTree = "<group>";
		};
		252C37E72AD24FFD00918A3A /* SearchResultsScreen */ = {
			isa = PBXGroup;
			children = (
				252C37ED2AD2504A00918A3A /* Model */,
				252C37EC2AD2503800918A3A /* Router */,
				252C37EB2AD2502F00918A3A /* Interactor */,
				252C37EA2AD2502900918A3A /* View */,
				252C37E92AD2502100918A3A /* Presenter */,
				252C37F52AD251A400918A3A /* SearchResultsConfigurator.swift */,
			);
			path = SearchResultsScreen;
			sourceTree = "<group>";
		};
		252C37E82AD2501200918A3A /* PreviewScreen */ = {
			isa = PBXGroup;
			children = (
				25FE51602AD2576C008153DA /* Model */,
				25FE515F2AD25764008153DA /* Router */,
				25FE515E2AD25754008153DA /* View */,
				25FE515D2AD25745008153DA /* Presenter */,
				25FE515C2AD2573D008153DA /* Interactor */,
				25FE516B2AD257D4008153DA /* PreviewScreenConfigurator.swift */,
			);
			path = PreviewScreen;
			sourceTree = "<group>";
		};
		252C37E92AD2502100918A3A /* Presenter */ = {
			isa = PBXGroup;
			children = (
				252C37F32AD2509B00918A3A /* MovieSearchResultsPresenter.swift */,
			);
			path = Presenter;
			sourceTree = "<group>";
		};
		252C37EA2AD2502900918A3A /* View */ = {
			isa = PBXGroup;
			children = (
				2531F3CB2AD15B3400E2A6B0 /* SearchResultsViewController.swift */,
			);
			path = View;
			sourceTree = "<group>";
		};
		252C37EB2AD2502F00918A3A /* Interactor */ = {
			isa = PBXGroup;
			children = (
				252C37F02AD2507B00918A3A /* MovieSearchResultsIneractor.swift */,
			);
			path = Interactor;
			sourceTree = "<group>";
		};
		252C37EC2AD2503800918A3A /* Router */ = {
			isa = PBXGroup;
			children = (
				252C37EE2AD2506900918A3A /* MovieSearchResultsRouter.swift */,
				252C37F72AD2529600918A3A /* SearchResultsDataStore.swift */,
			);
			path = Router;
			sourceTree = "<group>";
		};
		252C37ED2AD2504A00918A3A /* Model */ = {
			isa = PBXGroup;
			children = (
			);
			path = Model;
			sourceTree = "<group>";
		};
		2531F3CF2AD1743200E2A6B0 /* AllMoviesCell */ = {
			isa = PBXGroup;
			children = (
				25230AB52AD12FD10008EEEB /* AllMoviesTableViewCell.swift */,
				25230AB62AD12FD10008EEEB /* AllMoviesTableViewCell.xib */,
			);
			path = AllMoviesCell;
			sourceTree = "<group>";
		};
		2531F3D02AD1744700E2A6B0 /* DetailInfoCell */ = {
			isa = PBXGroup;
			children = (
				2531F3D32AD1748A00E2A6B0 /* DetailInfoTableViewCell.swift */,
				2531F3D42AD1748A00E2A6B0 /* DetailInfoTableViewCell.xib */,
			);
			path = DetailInfoCell;
			sourceTree = "<group>";
		};
		255C618C2AD2FA670064F816 /* RatingCell */ = {
			isa = PBXGroup;
			children = (
				25FE51762AD27787008153DA /* RatingViewTableViewCell.swift */,
				25FE51772AD27787008153DA /* RatingViewTableViewCell.xib */,
			);
			path = RatingCell;
			sourceTree = "<group>";
		};
		255C618D2AD2FA790064F816 /* CastAndCrew */ = {
			isa = PBXGroup;
			children = (
				255C618E2AD2FAA70064F816 /* CastAndCrewTableViewCell.swift */,
				255C618F2AD2FAA70064F816 /* CastAndCrewTableViewCell.xib */,
			);
			path = CastAndCrew;
			sourceTree = "<group>";
		};
		255C61922AD2FFA30064F816 /* RatingInformation */ = {
			isa = PBXGroup;
			children = (
				255C61932AD2FFC50064F816 /* RatingInfoTableViewCell.swift */,
				255C61942AD2FFC50064F816 /* RatingInforTableViewCell.xib */,
			);
			path = RatingInformation;
			sourceTree = "<group>";
		};
		2560B0292AD03E6E00540D77 = {
			isa = PBXGroup;
			children = (
				25CE6B642AD5BD8200784E88 /* README.md */,
				2560B0342AD03E6E00540D77 /* MoviewDataBaseApp */,
				25CE6B452AD574B000784E88 /* MoviewDataBaseAppTests */,
				2560B0332AD03E6E00540D77 /* Products */,
			);
			sourceTree = "<group>";
		};
		2560B0332AD03E6E00540D77 /* Products */ = {
			isa = PBXGroup;
			children = (
				2560B0322AD03E6E00540D77 /* MoviewDataBaseApp.app */,
				25CE6B442AD574B000784E88 /* MoviewDataBaseAppTests.xctest */,
			);
			name = Products;
			sourceTree = "<group>";
		};
		2560B0342AD03E6E00540D77 /* MoviewDataBaseApp */ = {
			isa = PBXGroup;
			children = (
				25CB32C72AD1B6BD001B79F6 /* Screens */,
				2560B0492AD03E8E00540D77 /* movies.json */,
				2560B0352AD03E6E00540D77 /* AppDelegate.swift */,
				2560B0372AD03E6E00540D77 /* SceneDelegate.swift */,
				2560B03B2AD03E6E00540D77 /* Main.storyboard */,
				2560B03E2AD03E6F00540D77 /* Assets.xcassets */,
				2560B0402AD03E6F00540D77 /* LaunchScreen.storyboard */,
				2560B0432AD03E6F00540D77 /* Info.plist */,
				256AC7C62AD28C8C002A6112 /* Extensions */,
			);
			path = MoviewDataBaseApp;
			sourceTree = "<group>";
		};
		2560B0532AD0463400540D77 /* View */ = {
			isa = PBXGroup;
			children = (
				25230AAF2AD126F60008EEEB /* CustomView */,
				2560B0392AD03E6E00540D77 /* MoviesViewController.swift */,
			);
			path = View;
			sourceTree = "<group>";
		};
		2560B0542AD0463B00540D77 /* Router */ = {
			isa = PBXGroup;
			children = (
				2560B05A2AD0473400540D77 /* MovieDataStore.swift */,
				2560B05C2AD0476A00540D77 /* MoviesViewRouter.swift */,
			);
			path = Router;
			sourceTree = "<group>";
		};
		2560B0552AD0464500540D77 /* Interactor */ = {
			isa = PBXGroup;
			children = (
				2560B0602AD0481B00540D77 /* MoviesViewInteractor.swift */,
				2560B0622AD0494700540D77 /* MoviesViewWorker.swift */,
			);
			path = Interactor;
			sourceTree = "<group>";
		};
		2560B0562AD0464C00540D77 /* Presenter */ = {
			isa = PBXGroup;
			children = (
				2560B05E2AD0480900540D77 /* MoviesViewPresenter.swift */,
			);
			path = Presenter;
			sourceTree = "<group>";
		};
		2560B0572AD0465600540D77 /* Models */ = {
			isa = PBXGroup;
			children = (
				2560B0502AD0432200540D77 /* MovieModel.swift */,
			);
			path = Models;
			sourceTree = "<group>";
		};
		256AC7C62AD28C8C002A6112 /* Extensions */ = {
			isa = PBXGroup;
			children = (
				2560B0642AD0658500540D77 /* String+Extension.swift */,
				25230ABB2AD145C40008EEEB /* UIViewController+ Ext.swift */,
				25EE1E2E2AD2B9D300C1D560 /* UIView+Ext.swift */,
				255C61892AD2EFEC0064F816 /* UIImageView+Ext.swift */,
			);
			path = Extensions;
			sourceTree = "<group>";
		};
		256AC7C72AD28CFD002A6112 /* CustomView */ = {
			isa = PBXGroup;
			children = (
				25FE51722AD26FE1008153DA /* RatingView.swift */,
			);
			path = CustomView;
			sourceTree = "<group>";
		};
		25CB32C72AD1B6BD001B79F6 /* Screens */ = {
			isa = PBXGroup;
			children = (
				252C37E82AD2501200918A3A /* PreviewScreen */,
				252C37E72AD24FFD00918A3A /* SearchResultsScreen */,
				25CB32C92AD1B6F1001B79F6 /* DetailScreen */,
				25CB32C82AD1B6CB001B79F6 /* Home */,
				256AC7C82AD28F8E002A6112 /* Constants.swift */,
				255C61972AD3117B0064F816 /* RatingViewController.swift */,
				25CE6B622AD5B0BF00784E88 /* Util.swift */,
			);
			path = Screens;
			sourceTree = "<group>";
		};
		25CB32C82AD1B6CB001B79F6 /* Home */ = {
			isa = PBXGroup;
			children = (
				2560B0582AD0467900540D77 /* Configurator.swift */,
				2560B0532AD0463400540D77 /* View */,
				2560B0542AD0463B00540D77 /* Router */,
				2560B0552AD0464500540D77 /* Interactor */,
				2560B0562AD0464C00540D77 /* Presenter */,
				2560B0572AD0465600540D77 /* Models */,
			);
			path = Home;
			sourceTree = "<group>";
		};
		25CB32C92AD1B6F1001B79F6 /* DetailScreen */ = {
			isa = PBXGroup;
			children = (
				25CB32CE2AD1B732001B79F6 /* Model */,
				25CB32CD2AD1B71F001B79F6 /* Router */,
				25CB32CC2AD1B718001B79F6 /* View */,
				25CB32CB2AD1B710001B79F6 /* Presenter */,
				25CB32CA2AD1B708001B79F6 /* Interactor */,
				25CB32DB2AD1B970001B79F6 /* MoviesDetailConfigurator.swift */,
			);
			path = DetailScreen;
			sourceTree = "<group>";
		};
		25CB32CA2AD1B708001B79F6 /* Interactor */ = {
			isa = PBXGroup;
			children = (
				25CB32CF2AD1B748001B79F6 /* Interactor.swift */,
			);
			path = Interactor;
			sourceTree = "<group>";
		};
		25CB32CB2AD1B710001B79F6 /* Presenter */ = {
			isa = PBXGroup;
			children = (
				25CB32D12AD1B751001B79F6 /* Presenter.swift */,
			);
			path = Presenter;
			sourceTree = "<group>";
		};
		25CB32CC2AD1B718001B79F6 /* View */ = {
			isa = PBXGroup;
			children = (
				256AC7C72AD28CFD002A6112 /* CustomView */,
				25FE516D2AD260E1008153DA /* TableViewCell */,
				25230AB92AD145150008EEEB /* MoviesDetailViewController.swift */,
			);
			path = View;
			sourceTree = "<group>";
		};
		25CB32CD2AD1B71F001B79F6 /* Router */ = {
			isa = PBXGroup;
			children = (
				25CB32D52AD1B787001B79F6 /* MoviesDetailRouter.swift */,
				25CB32D72AD1B7D2001B79F6 /* MoviesDetailDataStore.swift */,
			);
			path = Router;
			sourceTree = "<group>";
		};
		25CB32CE2AD1B732001B79F6 /* Model */ = {
			isa = PBXGroup;
			children = (
			);
			path = Model;
			sourceTree = "<group>";
		};
		25CE6B452AD574B000784E88 /* MoviewDataBaseAppTests */ = {
			isa = PBXGroup;
			children = (
				25CE6B542AD5752100784E88 /* MovieDetailTests */,
				25CE6B4D2AD574CF00784E88 /* HomeTests */,
				25CE6B462AD574B000784E88 /* MoviewDataBaseAppTests.swift */,
			);
			path = MoviewDataBaseAppTests;
			sourceTree = "<group>";
		};
		25CE6B4D2AD574CF00784E88 /* HomeTests */ = {
			isa = PBXGroup;
			children = (
				25CE6B4E2AD574F000784E88 /* HomeInteractorTest.swift */,
				25CE6B502AD5750A00784E88 /* HomePresenterTest.swift */,
				25CE6B522AD5751700784E88 /* HomeViewControllerTest.swift */,
			);
			path = HomeTests;
			sourceTree = "<group>";
		};
		25CE6B542AD5752100784E88 /* MovieDetailTests */ = {
			isa = PBXGroup;
			children = (
				25CE6B552AD5755B00784E88 /* MovieDetailInteractorTest.swift */,
				25CE6B572AD5756F00784E88 /* MovieDetailPresenterTest.swift */,
				25CE6B592AD5758300784E88 /* MovieDetailViewControllerTest.swift */,
			);
			path = MovieDetailTests;
			sourceTree = "<group>";
		};
		25FE515C2AD2573D008153DA /* Interactor */ = {
			isa = PBXGroup;
			children = (
				25FE51672AD257AE008153DA /* PreviewScreenInteractor.swift */,
			);
			path = Interactor;
			sourceTree = "<group>";
		};
		25FE515D2AD25745008153DA /* Presenter */ = {
			isa = PBXGroup;
			children = (
				25FE51652AD257A0008153DA /* PreviewScreenPresenter.swift */,
			);
			path = Presenter;
			sourceTree = "<group>";
		};
		25FE515E2AD25754008153DA /* View */ = {
			isa = PBXGroup;
			children = (
				2531F3D72AD1A2AB00E2A6B0 /* PreviewViewController.swift */,
			);
			path = View;
			sourceTree = "<group>";
		};
		25FE515F2AD25764008153DA /* Router */ = {
			isa = PBXGroup;
			children = (
				25FE51622AD25789008153DA /* PreviewScreenRouter.swift */,
				25FE51692AD257C4008153DA /* PreviewScreenDataStore.swift */,
			);
			path = Router;
			sourceTree = "<group>";
		};
		25FE51602AD2576C008153DA /* Model */ = {
			isa = PBXGroup;
			children = (
			);
			path = Model;
			sourceTree = "<group>";
		};
		25FE516D2AD260E1008153DA /* TableViewCell */ = {
			isa = PBXGroup;
			children = (
				255C61922AD2FFA30064F816 /* RatingInformation */,
				255C618D2AD2FA790064F816 /* CastAndCrew */,
				2531F3D02AD1744700E2A6B0 /* DetailInfoCell */,
				255C618C2AD2FA670064F816 /* RatingCell */,
			);
			path = TableViewCell;
			sourceTree = "<group>";
		};
/* End PBXGroup section */

/* Begin PBXNativeTarget section */
		2560B0312AD03E6E00540D77 /* MoviewDataBaseApp */ = {
			isa = PBXNativeTarget;
			buildConfigurationList = 2560B0462AD03E6F00540D77 /* Build configuration list for PBXNativeTarget "MoviewDataBaseApp" */;
			buildPhases = (
				2560B02E2AD03E6E00540D77 /* Sources */,
				2560B02F2AD03E6E00540D77 /* Frameworks */,
				2560B0302AD03E6E00540D77 /* Resources */,
			);
			buildRules = (
			);
			dependencies = (
			);
			name = MoviewDataBaseApp;
			productName = MoviewDataBaseApp;
			productReference = 2560B0322AD03E6E00540D77 /* MoviewDataBaseApp.app */;
			productType = "com.apple.product-type.application";
		};
		25CE6B432AD574B000784E88 /* MoviewDataBaseAppTests */ = {
			isa = PBXNativeTarget;
			buildConfigurationList = 25CE6B4A2AD574B000784E88 /* Build configuration list for PBXNativeTarget "MoviewDataBaseAppTests" */;
			buildPhases = (
				25CE6B402AD574B000784E88 /* Sources */,
				25CE6B412AD574B000784E88 /* Frameworks */,
				25CE6B422AD574B000784E88 /* Resources */,
			);
			buildRules = (
			);
			dependencies = (
				25CE6B492AD574B000784E88 /* PBXTargetDependency */,
			);
			name = MoviewDataBaseAppTests;
			productName = MoviewDataBaseAppTests;
			productReference = 25CE6B442AD574B000784E88 /* MoviewDataBaseAppTests.xctest */;
			productType = "com.apple.product-type.bundle.unit-test";
		};
/* End PBXNativeTarget section */

/* Begin PBXProject section */
		2560B02A2AD03E6E00540D77 /* Project object */ = {
			isa = PBXProject;
			attributes = {
				BuildIndependentTargetsInParallel = 1;
				LastSwiftUpdateCheck = 1430;
				LastUpgradeCheck = 1430;
				TargetAttributes = {
					2560B0312AD03E6E00540D77 = {
						CreatedOnToolsVersion = 14.3;
					};
					25CE6B432AD574B000784E88 = {
						CreatedOnToolsVersion = 14.3;
						TestTargetID = 2560B0312AD03E6E00540D77;
					};
				};
			};
			buildConfigurationList = 2560B02D2AD03E6E00540D77 /* Build configuration list for PBXProject "MoviewDataBaseApp" */;
			compatibilityVersion = "Xcode 14.0";
			developmentRegion = en;
			hasScannedForEncodings = 0;
			knownRegions = (
				en,
				Base,
			);
			mainGroup = 2560B0292AD03E6E00540D77;
			productRefGroup = 2560B0332AD03E6E00540D77 /* Products */;
			projectDirPath = "";
			projectRoot = "";
			targets = (
				2560B0312AD03E6E00540D77 /* MoviewDataBaseApp */,
				25CE6B432AD574B000784E88 /* MoviewDataBaseAppTests */,
			);
		};
/* End PBXProject section */

/* Begin PBXResourcesBuildPhase section */
		2560B0302AD03E6E00540D77 /* Resources */ = {
			isa = PBXResourcesBuildPhase;
			buildActionMask = 2147483647;
			files = (
				2560B0422AD03E6F00540D77 /* LaunchScreen.storyboard in Resources */,
				2560B03F2AD03E6F00540D77 /* Assets.xcassets in Resources */,
				2531F3D62AD1748A00E2A6B0 /* DetailInfoTableViewCell.xib in Resources */,
				2560B04A2AD03E8E00540D77 /* movies.json in Resources */,
				255C61962AD2FFC50064F816 /* RatingInforTableViewCell.xib in Resources */,
				2560B03D2AD03E6E00540D77 /* Main.storyboard in Resources */,
				25230AB82AD12FD20008EEEB /* AllMoviesTableViewCell.xib in Resources */,
				25FE51792AD27787008153DA /* RatingViewTableViewCell.xib in Resources */,
				255C61912AD2FAA70064F816 /* CastAndCrewTableViewCell.xib in Resources */,
			);
			runOnlyForDeploymentPostprocessing = 0;
		};
		25CE6B422AD574B000784E88 /* Resources */ = {
			isa = PBXResourcesBuildPhase;
			buildActionMask = 2147483647;
			files = (
			);
			runOnlyForDeploymentPostprocessing = 0;
		};
/* End PBXResourcesBuildPhase section */

/* Begin PBXSourcesBuildPhase section */
		2560B02E2AD03E6E00540D77 /* Sources */ = {
			isa = PBXSourcesBuildPhase;
			buildActionMask = 2147483647;
			files = (
				25FE516A2AD257C4008153DA /* PreviewScreenDataStore.swift in Sources */,
				256AC7C92AD28F8E002A6112 /* Constants.swift in Sources */,
				25230ABA2AD145150008EEEB /* MoviesDetailViewController.swift in Sources */,
				2560B0652AD0658500540D77 /* String+Extension.swift in Sources */,
				252C37F12AD2507B00918A3A /* MovieSearchResultsIneractor.swift in Sources */,
				25FE51682AD257AE008153DA /* PreviewScreenInteractor.swift in Sources */,
				25EE1E2F2AD2B9D300C1D560 /* UIView+Ext.swift in Sources */,
				25CB32D02AD1B748001B79F6 /* Interactor.swift in Sources */,
				25CB32DC2AD1B970001B79F6 /* MoviesDetailConfigurator.swift in Sources */,
				252C37F62AD251A400918A3A /* SearchResultsConfigurator.swift in Sources */,
				2560B05D2AD0476A00540D77 /* MoviesViewRouter.swift in Sources */,
				2560B0632AD0494700540D77 /* MoviesViewWorker.swift in Sources */,
				2560B03A2AD03E6E00540D77 /* MoviesViewController.swift in Sources */,
				25FE516C2AD257D4008153DA /* PreviewScreenConfigurator.swift in Sources */,
				25230ABC2AD145C40008EEEB /* UIViewController+ Ext.swift in Sources */,
				2531F3CE2AD16D1900E2A6B0 /* CustomHeaderView.swift in Sources */,
				2560B05F2AD0480900540D77 /* MoviesViewPresenter.swift in Sources */,
				2560B0512AD0432200540D77 /* MovieModel.swift in Sources */,
				2560B05B2AD0473400540D77 /* MovieDataStore.swift in Sources */,
				2531F3D82AD1A2AB00E2A6B0 /* PreviewViewController.swift in Sources */,
				252C37F82AD2529600918A3A /* SearchResultsDataStore.swift in Sources */,
				255C618A2AD2EFEC0064F816 /* UIImageView+Ext.swift in Sources */,
				25FE51662AD257A0008153DA /* PreviewScreenPresenter.swift in Sources */,
				2531F3D52AD1748A00E2A6B0 /* DetailInfoTableViewCell.swift in Sources */,
				25FE51632AD25789008153DA /* PreviewScreenRouter.swift in Sources */,
				25FE51732AD26FE1008153DA /* RatingView.swift in Sources */,
				25CB32D82AD1B7D2001B79F6 /* MoviesDetailDataStore.swift in Sources */,
				255C61982AD3117B0064F816 /* RatingViewController.swift in Sources */,
				255C61902AD2FAA70064F816 /* CastAndCrewTableViewCell.swift in Sources */,
				2531F3CC2AD15B3400E2A6B0 /* SearchResultsViewController.swift in Sources */,
				255C61952AD2FFC50064F816 /* RatingInfoTableViewCell.swift in Sources */,
				25230AB12AD1270E0008EEEB /* SectionHeaderView.swift in Sources */,
				25CE6B632AD5B0BF00784E88 /* Util.swift in Sources */,
				25CB32D62AD1B787001B79F6 /* MoviesDetailRouter.swift in Sources */,
				252C37F42AD2509B00918A3A /* MovieSearchResultsPresenter.swift in Sources */,
				25CB32D22AD1B751001B79F6 /* Presenter.swift in Sources */,
				2560B0612AD0481B00540D77 /* MoviesViewInteractor.swift in Sources */,
				2560B0362AD03E6E00540D77 /* AppDelegate.swift in Sources */,
				2560B0592AD0467900540D77 /* Configurator.swift in Sources */,
				2560B0382AD03E6E00540D77 /* SceneDelegate.swift in Sources */,
				252C37EF2AD2506900918A3A /* MovieSearchResultsRouter.swift in Sources */,
				25FE51782AD27787008153DA /* RatingViewTableViewCell.swift in Sources */,
				25230AB72AD12FD20008EEEB /* AllMoviesTableViewCell.swift in Sources */,
			);
			runOnlyForDeploymentPostprocessing = 0;
		};
		25CE6B402AD574B000784E88 /* Sources */ = {
			isa = PBXSourcesBuildPhase;
			buildActionMask = 2147483647;
			files = (
				25CE6B582AD5756F00784E88 /* MovieDetailPresenterTest.swift in Sources */,
				25CE6B512AD5750A00784E88 /* HomePresenterTest.swift in Sources */,
				25CE6B562AD5755B00784E88 /* MovieDetailInteractorTest.swift in Sources */,
				25CE6B472AD574B000784E88 /* MoviewDataBaseAppTests.swift in Sources */,
				25CE6B4F2AD574F000784E88 /* HomeInteractorTest.swift in Sources */,
				25CE6B532AD5751700784E88 /* HomeViewControllerTest.swift in Sources */,
				25CE6B5A2AD5758300784E88 /* MovieDetailViewControllerTest.swift in Sources */,
			);
			runOnlyForDeploymentPostprocessing = 0;
		};
/* End PBXSourcesBuildPhase section */

/* Begin PBXTargetDependency section */
		25CE6B492AD574B000784E88 /* PBXTargetDependency */ = {
			isa = PBXTargetDependency;
			target = 2560B0312AD03E6E00540D77 /* MoviewDataBaseApp */;
			targetProxy = 25CE6B482AD574B000784E88 /* PBXContainerItemProxy */;
		};
/* End PBXTargetDependency section */

/* Begin PBXVariantGroup section */
		2560B03B2AD03E6E00540D77 /* Main.storyboard */ = {
			isa = PBXVariantGroup;
			children = (
				2560B03C2AD03E6E00540D77 /* Base */,
			);
			name = Main.storyboard;
			sourceTree = "<group>";
		};
		2560B0402AD03E6F00540D77 /* LaunchScreen.storyboard */ = {
			isa = PBXVariantGroup;
			children = (
				2560B0412AD03E6F00540D77 /* Base */,
			);
			name = LaunchScreen.storyboard;
			sourceTree = "<group>";
		};
/* End PBXVariantGroup section */

/* Begin XCBuildConfiguration section */
		2560B0442AD03E6F00540D77 /* Debug */ = {
			isa = XCBuildConfiguration;
			buildSettings = {
				ALWAYS_SEARCH_USER_PATHS = NO;
				CLANG_ANALYZER_NONNULL = YES;
				CLANG_ANALYZER_NUMBER_OBJECT_CONVERSION = YES_AGGRESSIVE;
				CLANG_CXX_LANGUAGE_STANDARD = "gnu++20";
				CLANG_ENABLE_MODULES = YES;
				CLANG_ENABLE_OBJC_ARC = YES;
				CLANG_ENABLE_OBJC_WEAK = YES;
				CLANG_WARN_BLOCK_CAPTURE_AUTORELEASING = YES;
				CLANG_WARN_BOOL_CONVERSION = YES;
				CLANG_WARN_COMMA = YES;
				CLANG_WARN_CONSTANT_CONVERSION = YES;
				CLANG_WARN_DEPRECATED_OBJC_IMPLEMENTATIONS = YES;
				CLANG_WARN_DIRECT_OBJC_ISA_USAGE = YES_ERROR;
				CLANG_WARN_DOCUMENTATION_COMMENTS = YES;
				CLANG_WARN_EMPTY_BODY = YES;
				CLANG_WARN_ENUM_CONVERSION = YES;
				CLANG_WARN_INFINITE_RECURSION = YES;
				CLANG_WARN_INT_CONVERSION = YES;
				CLANG_WARN_NON_LITERAL_NULL_CONVERSION = YES;
				CLANG_WARN_OBJC_IMPLICIT_RETAIN_SELF = YES;
				CLANG_WARN_OBJC_LITERAL_CONVERSION = YES;
				CLANG_WARN_OBJC_ROOT_CLASS = YES_ERROR;
				CLANG_WARN_QUOTED_INCLUDE_IN_FRAMEWORK_HEADER = YES;
				CLANG_WARN_RANGE_LOOP_ANALYSIS = YES;
				CLANG_WARN_STRICT_PROTOTYPES = YES;
				CLANG_WARN_SUSPICIOUS_MOVE = YES;
				CLANG_WARN_UNGUARDED_AVAILABILITY = YES_AGGRESSIVE;
				CLANG_WARN_UNREACHABLE_CODE = YES;
				CLANG_WARN__DUPLICATE_METHOD_MATCH = YES;
				COPY_PHASE_STRIP = NO;
				DEBUG_INFORMATION_FORMAT = dwarf;
				ENABLE_STRICT_OBJC_MSGSEND = YES;
				ENABLE_TESTABILITY = YES;
				GCC_C_LANGUAGE_STANDARD = gnu11;
				GCC_DYNAMIC_NO_PIC = NO;
				GCC_NO_COMMON_BLOCKS = YES;
				GCC_OPTIMIZATION_LEVEL = 0;
				GCC_PREPROCESSOR_DEFINITIONS = (
					"DEBUG=1",
					"$(inherited)",
				);
				GCC_WARN_64_TO_32_BIT_CONVERSION = YES;
				GCC_WARN_ABOUT_RETURN_TYPE = YES_ERROR;
				GCC_WARN_UNDECLARED_SELECTOR = YES;
				GCC_WARN_UNINITIALIZED_AUTOS = YES_AGGRESSIVE;
				GCC_WARN_UNUSED_FUNCTION = YES;
				GCC_WARN_UNUSED_VARIABLE = YES;
				IPHONEOS_DEPLOYMENT_TARGET = 16.4;
				MTL_ENABLE_DEBUG_INFO = INCLUDE_SOURCE;
				MTL_FAST_MATH = YES;
				ONLY_ACTIVE_ARCH = YES;
				SDKROOT = iphoneos;
				SWIFT_ACTIVE_COMPILATION_CONDITIONS = DEBUG;
				SWIFT_OPTIMIZATION_LEVEL = "-Onone";
			};
			name = Debug;
		};
		2560B0452AD03E6F00540D77 /* Release */ = {
			isa = XCBuildConfiguration;
			buildSettings = {
				ALWAYS_SEARCH_USER_PATHS = NO;
				CLANG_ANALYZER_NONNULL = YES;
				CLANG_ANALYZER_NUMBER_OBJECT_CONVERSION = YES_AGGRESSIVE;
				CLANG_CXX_LANGUAGE_STANDARD = "gnu++20";
				CLANG_ENABLE_MODULES = YES;
				CLANG_ENABLE_OBJC_ARC = YES;
				CLANG_ENABLE_OBJC_WEAK = YES;
				CLANG_WARN_BLOCK_CAPTURE_AUTORELEASING = YES;
				CLANG_WARN_BOOL_CONVERSION = YES;
				CLANG_WARN_COMMA = YES;
				CLANG_WARN_CONSTANT_CONVERSION = YES;
				CLANG_WARN_DEPRECATED_OBJC_IMPLEMENTATIONS = YES;
				CLANG_WARN_DIRECT_OBJC_ISA_USAGE = YES_ERROR;
				CLANG_WARN_DOCUMENTATION_COMMENTS = YES;
				CLANG_WARN_EMPTY_BODY = YES;
				CLANG_WARN_ENUM_CONVERSION = YES;
				CLANG_WARN_INFINITE_RECURSION = YES;
				CLANG_WARN_INT_CONVERSION = YES;
				CLANG_WARN_NON_LITERAL_NULL_CONVERSION = YES;
				CLANG_WARN_OBJC_IMPLICIT_RETAIN_SELF = YES;
				CLANG_WARN_OBJC_LITERAL_CONVERSION = YES;
				CLANG_WARN_OBJC_ROOT_CLASS = YES_ERROR;
				CLANG_WARN_QUOTED_INCLUDE_IN_FRAMEWORK_HEADER = YES;
				CLANG_WARN_RANGE_LOOP_ANALYSIS = YES;
				CLANG_WARN_STRICT_PROTOTYPES = YES;
				CLANG_WARN_SUSPICIOUS_MOVE = YES;
				CLANG_WARN_UNGUARDED_AVAILABILITY = YES_AGGRESSIVE;
				CLANG_WARN_UNREACHABLE_CODE = YES;
				CLANG_WARN__DUPLICATE_METHOD_MATCH = YES;
				COPY_PHASE_STRIP = NO;
				DEBUG_INFORMATION_FORMAT = "dwarf-with-dsym";
				ENABLE_NS_ASSERTIONS = NO;
				ENABLE_STRICT_OBJC_MSGSEND = YES;
				GCC_C_LANGUAGE_STANDARD = gnu11;
				GCC_NO_COMMON_BLOCKS = YES;
				GCC_WARN_64_TO_32_BIT_CONVERSION = YES;
				GCC_WARN_ABOUT_RETURN_TYPE = YES_ERROR;
				GCC_WARN_UNDECLARED_SELECTOR = YES;
				GCC_WARN_UNINITIALIZED_AUTOS = YES_AGGRESSIVE;
				GCC_WARN_UNUSED_FUNCTION = YES;
				GCC_WARN_UNUSED_VARIABLE = YES;
				IPHONEOS_DEPLOYMENT_TARGET = 16.4;
				MTL_ENABLE_DEBUG_INFO = NO;
				MTL_FAST_MATH = YES;
				SDKROOT = iphoneos;
				SWIFT_COMPILATION_MODE = wholemodule;
				SWIFT_OPTIMIZATION_LEVEL = "-O";
				VALIDATE_PRODUCT = YES;
			};
			name = Release;
		};
		2560B0472AD03E6F00540D77 /* Debug */ = {
			isa = XCBuildConfiguration;
			buildSettings = {
				ASSETCATALOG_COMPILER_APPICON_NAME = AppIcon;
				ASSETCATALOG_COMPILER_GLOBAL_ACCENT_COLOR_NAME = AccentColor;
				CODE_SIGN_STYLE = Automatic;
				CURRENT_PROJECT_VERSION = 1;
				DEVELOPMENT_TEAM = XBYFKL3M6F;
				GENERATE_INFOPLIST_FILE = YES;
				INFOPLIST_FILE = MoviewDataBaseApp/Info.plist;
				INFOPLIST_KEY_UIApplicationSupportsIndirectInputEvents = YES;
				INFOPLIST_KEY_UILaunchStoryboardName = LaunchScreen;
				INFOPLIST_KEY_UIMainStoryboardFile = Main;
				INFOPLIST_KEY_UISupportedInterfaceOrientations_iPad = "UIInterfaceOrientationPortrait UIInterfaceOrientationPortraitUpsideDown UIInterfaceOrientationLandscapeLeft UIInterfaceOrientationLandscapeRight";
				INFOPLIST_KEY_UISupportedInterfaceOrientations_iPhone = "UIInterfaceOrientationPortrait UIInterfaceOrientationLandscapeLeft UIInterfaceOrientationLandscapeRight";
				LD_RUNPATH_SEARCH_PATHS = (
					"$(inherited)",
					"@executable_path/Frameworks",
				);
				MARKETING_VERSION = 1.0;
				PRODUCT_BUNDLE_IDENTIFIER = com.venky.MoviewDataBaseApp;
				PRODUCT_NAME = "$(TARGET_NAME)";
				SWIFT_EMIT_LOC_STRINGS = YES;
				SWIFT_VERSION = 5.0;
				TARGETED_DEVICE_FAMILY = "1,2";
			};
			name = Debug;
		};
		2560B0482AD03E6F00540D77 /* Release */ = {
			isa = XCBuildConfiguration;
			buildSettings = {
				ASSETCATALOG_COMPILER_APPICON_NAME = AppIcon;
				ASSETCATALOG_COMPILER_GLOBAL_ACCENT_COLOR_NAME = AccentColor;
				CODE_SIGN_STYLE = Automatic;
				CURRENT_PROJECT_VERSION = 1;
				DEVELOPMENT_TEAM = XBYFKL3M6F;
				GENERATE_INFOPLIST_FILE = YES;
				INFOPLIST_FILE = MoviewDataBaseApp/Info.plist;
				INFOPLIST_KEY_UIApplicationSupportsIndirectInputEvents = YES;
				INFOPLIST_KEY_UILaunchStoryboardName = LaunchScreen;
				INFOPLIST_KEY_UIMainStoryboardFile = Main;
				INFOPLIST_KEY_UISupportedInterfaceOrientations_iPad = "UIInterfaceOrientationPortrait UIInterfaceOrientationPortraitUpsideDown UIInterfaceOrientationLandscapeLeft UIInterfaceOrientationLandscapeRight";
				INFOPLIST_KEY_UISupportedInterfaceOrientations_iPhone = "UIInterfaceOrientationPortrait UIInterfaceOrientationLandscapeLeft UIInterfaceOrientationLandscapeRight";
				LD_RUNPATH_SEARCH_PATHS = (
					"$(inherited)",
					"@executable_path/Frameworks",
				);
				MARKETING_VERSION = 1.0;
				PRODUCT_BUNDLE_IDENTIFIER = com.venky.MoviewDataBaseApp;
				PRODUCT_NAME = "$(TARGET_NAME)";
				SWIFT_EMIT_LOC_STRINGS = YES;
				SWIFT_VERSION = 5.0;
				TARGETED_DEVICE_FAMILY = "1,2";
			};
			name = Release;
		};
		25CE6B4B2AD574B000784E88 /* Debug */ = {
			isa = XCBuildConfiguration;
			buildSettings = {
				BUNDLE_LOADER = "$(TEST_HOST)";
				CODE_SIGN_STYLE = Automatic;
				CURRENT_PROJECT_VERSION = 1;
				DEVELOPMENT_TEAM = XBYFKL3M6F;
				GENERATE_INFOPLIST_FILE = YES;
				MARKETING_VERSION = 1.0;
				PRODUCT_BUNDLE_IDENTIFIER = com.venky.MoviewDataBaseAppTests;
				PRODUCT_NAME = "$(TARGET_NAME)";
				SWIFT_EMIT_LOC_STRINGS = NO;
				SWIFT_VERSION = 5.0;
				TARGETED_DEVICE_FAMILY = "1,2";
				TEST_HOST = "$(BUILT_PRODUCTS_DIR)/MoviewDataBaseApp.app/$(BUNDLE_EXECUTABLE_FOLDER_PATH)/MoviewDataBaseApp";
			};
			name = Debug;
		};
		25CE6B4C2AD574B000784E88 /* Release */ = {
			isa = XCBuildConfiguration;
			buildSettings = {
				BUNDLE_LOADER = "$(TEST_HOST)";
				CODE_SIGN_STYLE = Automatic;
				CURRENT_PROJECT_VERSION = 1;
				DEVELOPMENT_TEAM = XBYFKL3M6F;
				GENERATE_INFOPLIST_FILE = YES;
				MARKETING_VERSION = 1.0;
				PRODUCT_BUNDLE_IDENTIFIER = com.venky.MoviewDataBaseAppTests;
				PRODUCT_NAME = "$(TARGET_NAME)";
				SWIFT_EMIT_LOC_STRINGS = NO;
				SWIFT_VERSION = 5.0;
				TARGETED_DEVICE_FAMILY = "1,2";
				TEST_HOST = "$(BUILT_PRODUCTS_DIR)/MoviewDataBaseApp.app/$(BUNDLE_EXECUTABLE_FOLDER_PATH)/MoviewDataBaseApp";
			};
			name = Release;
		};
/* End XCBuildConfiguration section */

/* Begin XCConfigurationList section */
		2560B02D2AD03E6E00540D77 /* Build configuration list for PBXProject "MoviewDataBaseApp" */ = {
			isa = XCConfigurationList;
			buildConfigurations = (
				2560B0442AD03E6F00540D77 /* Debug */,
				2560B0452AD03E6F00540D77 /* Release */,
			);
			defaultConfigurationIsVisible = 0;
			defaultConfigurationName = Release;
		};
		2560B0462AD03E6F00540D77 /* Build configuration list for PBXNativeTarget "MoviewDataBaseApp" */ = {
			isa = XCConfigurationList;
			buildConfigurations = (
				2560B0472AD03E6F00540D77 /* Debug */,
				2560B0482AD03E6F00540D77 /* Release */,
			);
			defaultConfigurationIsVisible = 0;
			defaultConfigurationName = Release;
		};
		25CE6B4A2AD574B000784E88 /* Build configuration list for PBXNativeTarget "MoviewDataBaseAppTests" */ = {
			isa = XCConfigurationList;
			buildConfigurations = (
				25CE6B4B2AD574B000784E88 /* Debug */,
				25CE6B4C2AD574B000784E88 /* Release */,
			);
			defaultConfigurationIsVisible = 0;
			defaultConfigurationName = Release;
		};
/* End XCConfigurationList section */
	};
	rootObject = 2560B02A2AD03E6E00540D77 /* Project object */;
}
